PODS:
  - 1PasswordExtension (1.8.4)
  - AFNetworking (3.1.0):
    - AFNetworking/NSURLSession (= 3.1.0)
    - AFNetworking/Reachability (= 3.1.0)
    - AFNetworking/Security (= 3.1.0)
    - AFNetworking/Serialization (= 3.1.0)
    - AFNetworking/UIKit (= 3.1.0)
  - AFNetworking/NSURLSession (3.1.0):
    - AFNetworking/Reachability
    - AFNetworking/Security
    - AFNetworking/Serialization
  - AFNetworking/Reachability (3.1.0)
  - AFNetworking/Security (3.1.0)
  - AFNetworking/Serialization (3.1.0)
  - AFNetworking/UIKit (3.1.0):
    - AFNetworking/NSURLSession
  - Particle-SDK (0.7.0):
    - Particle-SDK/Helpers (= 0.7.0)
    - Particle-SDK/SDK (= 0.7.0)
  - Particle-SDK/Helpers (0.7.0)
  - Particle-SDK/SDK (0.7.0):
    - AFNetworking (~> 3.0)
    - Particle-SDK/Helpers

DEPENDENCIES:
  - 1PasswordExtension
  - AFNetworking
  - Particle-SDK

SPEC REPOS:
  https://github.com/CocoaPods/Specs.git:
    - 1PasswordExtension
    - AFNetworking
    - Particle-SDK

SPEC CHECKSUMS:
  1PasswordExtension: e775a29310c65851e5a6cec1afc349ab4e334e47
  AFNetworking: 19827bce8c8d25b16bea185837cb66976c23f8fe
  Particle-SDK: d08e4a9e42c927bd997cd4817e5a01894ace4187

PODFILE CHECKSUM: f866209a14faa101295fdcc2829551024d8ca11a

COCOAPODS: 1.12.1
